
Microsoft Visual Studio Solution File, Format Version 12.00
# Visual Studio Version 17
VisualStudioVersion = 17.3.32901.215
MinimumVisualStudioVersion = 10.0.40219.1
Project("{9A19103F-16F7-4668-BE54-9A1E7A4F7556}") = "SeguridadWeb.LogicaDeNegocio", "SeguridadWeb.LogicaDeNegocio\SeguridadWeb.LogicaDeNegocio.csproj", "{2560FCEC-594F-42D2-9264-B111E7425736}"
EndProject
Project("{9A19103F-16F7-4668-BE54-9A1E7A4F7556}") = "SeguridadWeb.EntidadesDeNegocio", "SeguridadWeb.EntidadesDeNegocio\SeguridadWeb.EntidadesDeNegocio.csproj", "{D971FC9C-560E-46D6-8CC1-1E8385E81F00}"
EndProject
Project("{9A19103F-16F7-4668-BE54-9A1E7A4F7556}") = "SeguridadWeb.AccesoADatos", "SeguridadWeb.AccesoADatos\SeguridadWeb.AccesoADatos.csproj", "{6DEB5C40-F4E6-4E64-8C13-F80787D5D7FD}"
EndProject
Project("{FAE04EC0-301F-11D3-BF4B-00C04F79EFBC}") = "SeguridadWebNET6.UI.AppWebNetCore", "SeguridadWebNET6.UI.AppWebNetCore\SeguridadWebNET6.UI.AppWebNetCore.csproj", "{BBE5F944-A49B-43A2-A021-7503CDC73426}"
EndProject
Global
	GlobalSection(SolutionConfigurationPlatforms) = preSolution
		Debug|Any CPU = Debug|Any CPU
		Release|Any CPU = Release|Any CPU
	EndGlobalSection
	GlobalSection(ProjectConfigurationPlatforms) = postSolution
		{2560FCEC-594F-42D2-9264-B111E7425736}.Debug|Any CPU.ActiveCfg = Debug|Any CPU
		{2560FCEC-594F-42D2-9264-B111E7425736}.Debug|Any CPU.Build.0 = Debug|Any CPU
		{2560FCEC-594F-42D2-9264-B111E7425736}.Release|Any CPU.ActiveCfg = Release|Any CPU
		{2560FCEC-594F-42D2-9264-B111E7425736}.Release|Any CPU.Build.0 = Release|Any CPU
		{D971FC9C-560E-46D6-8CC1-1E8385E81F00}.Debug|Any CPU.ActiveCfg = Debug|Any CPU
		{D971FC9C-560E-46D6-8CC1-1E8385E81F00}.Debug|Any CPU.Build.0 = Debug|Any CPU
		{D971FC9C-560E-46D6-8CC1-1E8385E81F00}.Release|Any CPU.ActiveCfg = Release|Any CPU
		{D971FC9C-560E-46D6-8CC1-1E8385E81F00}.Release|Any CPU.Build.0 = Release|Any CPU
		{6DEB5C40-F4E6-4E64-8C13-F80787D5D7FD}.Debug|Any CPU.ActiveCfg = Debug|Any CPU
		{6DEB5C40-F4E6-4E64-8C13-F80787D5D7FD}.Debug|Any CPU.Build.0 = Debug|Any CPU
		{6DEB5C40-F4E6-4E64-8C13-F80787D5D7FD}.Release|Any CPU.ActiveCfg = Release|Any CPU
		{6DEB5C40-F4E6-4E64-8C13-F80787D5D7FD}.Release|Any CPU.Build.0 = Release|Any CPU
		{BBE5F944-A49B-43A2-A021-7503CDC73426}.Debug|Any CPU.ActiveCfg = Debug|Any CPU
		{BBE5F944-A49B-43A2-A021-7503CDC73426}.Debug|Any CPU.Build.0 = Debug|Any CPU
		{BBE5F944-A49B-43A2-A021-7503CDC73426}.Release|Any CPU.ActiveCfg = Release|Any CPU
		{BBE5F944-A49B-43A2-A021-7503CDC73426}.Release|Any CPU.Build.0 = Release|Any CPU
	EndGlobalSection
	GlobalSection(SolutionProperties) = preSolution
		HideSolutionNode = FALSE
	EndGlobalSection
	GlobalSection(ExtensibilityGlobals) = postSolution
		SolutionGuid = {6A2696EC-A2BB-4815-91CB-4809633FAA7F}
	EndGlobalSection
EndGlobal
